
Microsoft Visual Studio Solution File, Format Version 12.00
# Visual Studio Version 16
VisualStudioVersion = 16.0.31402.337
MinimumVisualStudioVersion = 10.0.40219.1
Project("{9A19103F-16F7-4668-BE54-9A1E7A4F7556}") = "CiklumTasks.API", "CiklumTasks.API\CiklumTasks.API.csproj", "{616F9604-2D0A-4558-9A0A-1FA75BC156B3}"
EndProject
Project("{9A19103F-16F7-4668-BE54-9A1E7A4F7556}") = "CiklumTasks.Model", "CiklumTasks.Model\CiklumTasks.Model.csproj", "{734DED87-05D4-46C8-B7AA-5F66F68CDB4A}"
EndProject
Project("{9A19103F-16F7-4668-BE54-9A1E7A4F7556}") = "CiklumTasks.ApplicationServices", "CiklumTasks.ApplicationServices\CiklumTasks.ApplicationServices.csproj", "{7A8170A3-A149-4854-94EA-9AAF3E5A59F5}"
EndProject
Project("{9A19103F-16F7-4668-BE54-9A1E7A4F7556}") = "CiklumTasks.Common", "CiklumTasks.Common\CiklumTasks.Common.csproj", "{4012A3B0-C3CA-49E7-AA05-25B35CA2F307}"
EndProject
Project("{9A19103F-16F7-4668-BE54-9A1E7A4F7556}") = "CiklumTasks.Repositories", "CiklumTasks.Repositories\CiklumTasks.Repositories.csproj", "{504CB45D-A43D-489E-B8B6-160B11BB318E}"
EndProject
Global
	GlobalSection(SolutionConfigurationPlatforms) = preSolution
		Debug|Any CPU = Debug|Any CPU
		Release|Any CPU = Release|Any CPU
	EndGlobalSection
	GlobalSection(ProjectConfigurationPlatforms) = postSolution
		{616F9604-2D0A-4558-9A0A-1FA75BC156B3}.Debug|Any CPU.ActiveCfg = Debug|Any CPU
		{616F9604-2D0A-4558-9A0A-1FA75BC156B3}.Debug|Any CPU.Build.0 = Debug|Any CPU
		{616F9604-2D0A-4558-9A0A-1FA75BC156B3}.Release|Any CPU.ActiveCfg = Release|Any CPU
		{616F9604-2D0A-4558-9A0A-1FA75BC156B3}.Release|Any CPU.Build.0 = Release|Any CPU
		{734DED87-05D4-46C8-B7AA-5F66F68CDB4A}.Debug|Any CPU.ActiveCfg = Debug|Any CPU
		{734DED87-05D4-46C8-B7AA-5F66F68CDB4A}.Debug|Any CPU.Build.0 = Debug|Any CPU
		{734DED87-05D4-46C8-B7AA-5F66F68CDB4A}.Release|Any CPU.ActiveCfg = Release|Any CPU
		{734DED87-05D4-46C8-B7AA-5F66F68CDB4A}.Release|Any CPU.Build.0 = Release|Any CPU
		{7A8170A3-A149-4854-94EA-9AAF3E5A59F5}.Debug|Any CPU.ActiveCfg = Debug|Any CPU
		{7A8170A3-A149-4854-94EA-9AAF3E5A59F5}.Debug|Any CPU.Build.0 = Debug|Any CPU
		{7A8170A3-A149-4854-94EA-9AAF3E5A59F5}.Release|Any CPU.ActiveCfg = Release|Any CPU
		{7A8170A3-A149-4854-94EA-9AAF3E5A59F5}.Release|Any CPU.Build.0 = Release|Any CPU
		{4012A3B0-C3CA-49E7-AA05-25B35CA2F307}.Debug|Any CPU.ActiveCfg = Debug|Any CPU
		{4012A3B0-C3CA-49E7-AA05-25B35CA2F307}.Debug|Any CPU.Build.0 = Debug|Any CPU
		{4012A3B0-C3CA-49E7-AA05-25B35CA2F307}.Release|Any CPU.ActiveCfg = Release|Any CPU
		{4012A3B0-C3CA-49E7-AA05-25B35CA2F307}.Release|Any CPU.Build.0 = Release|Any CPU
		{504CB45D-A43D-489E-B8B6-160B11BB318E}.Debug|Any CPU.ActiveCfg = Debug|Any CPU
		{504CB45D-A43D-489E-B8B6-160B11BB318E}.Debug|Any CPU.Build.0 = Debug|Any CPU
		{504CB45D-A43D-489E-B8B6-160B11BB318E}.Release|Any CPU.ActiveCfg = Release|Any CPU
		{504CB45D-A43D-489E-B8B6-160B11BB318E}.Release|Any CPU.Build.0 = Release|Any CPU
	EndGlobalSection
	GlobalSection(SolutionProperties) = preSolution
		HideSolutionNode = FALSE
	EndGlobalSection
	GlobalSection(ExtensibilityGlobals) = postSolution
		SolutionGuid = {EE02F10A-B39A-4403-970D-4228452ECE80}
	EndGlobalSection
EndGlobal
